
Microsoft Visual Studio Solution File, Format Version 12.00
# Visual Studio Version 17
VisualStudioVersion = 17.5.33414.496
MinimumVisualStudioVersion = 10.0.40219.1
Project("{FAE04EC0-301F-11D3-BF4B-00C04F79EFBC}") = "PracticalTask2", "PracticalTask2\PracticalTask2.csproj", "{D09B43DA-B94C-4D62-9014-01A85747B33E}"
EndProject
Global
	GlobalSection(SolutionConfigurationPlatforms) = preSolution
		Debug|Any CPU = Debug|Any CPU
		Release|Any CPU = Release|Any CPU
	EndGlobalSection
	GlobalSection(ProjectConfigurationPlatforms) = postSolution
		{D09B43DA-B94C-4D62-9014-01A85747B33E}.Debug|Any CPU.ActiveCfg = Debug|Any CPU
		{D09B43DA-B94C-4D62-9014-01A85747B33E}.Debug|Any CPU.Build.0 = Debug|Any CPU
		{D09B43DA-B94C-4D62-9014-01A85747B33E}.Release|Any CPU.ActiveCfg = Release|Any CPU
		{D09B43DA-B94C-4D62-9014-01A85747B33E}.Release|Any CPU.Build.0 = Release|Any CPU
	EndGlobalSection
	GlobalSection(SolutionProperties) = preSolution
		HideSolutionNode = FALSE
	EndGlobalSection
	GlobalSection(ExtensibilityGlobals) = postSolution
		SolutionGuid = {E36395C3-E1D4-4168-956A-3C60A36D7627}
	EndGlobalSection
EndGlobal
